// !$*UTF8*$!
{
	archiveVersion = 1;
	classes = {
	};
	objectVersion = 48;
	objects = {

/* Begin PBXBuildFile section */
		0133FA4162EDEEAA9FE3135C /* Pods_Makub.framework in Frameworks */ = {isa = PBXBuildFile; fileRef = FD91280B983360A8DBD4BDFC /* Pods_Makub.framework */; };
		C40EDD7420648EF000338300 /* UIImage+FromColor.swift in Sources */ = {isa = PBXBuildFile; fileRef = C40EDD7320648EF000338300 /* UIImage+FromColor.swift */; };
		C414F0D520596DE8001961EC /* Roboto-Medium.otf in Resources */ = {isa = PBXBuildFile; fileRef = C414F0D120596DE7001961EC /* Roboto-Medium.otf */; };
		C414F0D620596DE8001961EC /* Roboto-Light.otf in Resources */ = {isa = PBXBuildFile; fileRef = C414F0D220596DE8001961EC /* Roboto-Light.otf */; };
		C414F0D720596DE8001961EC /* Roboto-Bold.otf in Resources */ = {isa = PBXBuildFile; fileRef = C414F0D320596DE8001961EC /* Roboto-Bold.otf */; };
		C414F0D820596DE8001961EC /* Roboto-Regular.otf in Resources */ = {isa = PBXBuildFile; fileRef = C414F0D420596DE8001961EC /* Roboto-Regular.otf */; };
		C414F0DB2059A261001961EC /* UIViewController+HideKeyboard.swift in Sources */ = {isa = PBXBuildFile; fileRef = C414F0DA2059A261001961EC /* UIViewController+HideKeyboard.swift */; };
		C42924B0205C81E700E6D568 /* RecoverViewController.swift in Sources */ = {isa = PBXBuildFile; fileRef = C42924AF205C81E700E6D568 /* RecoverViewController.swift */; };
		C44D60B0205529C100A5C50F /* AppDelegate.swift in Sources */ = {isa = PBXBuildFile; fileRef = C44D60AF205529C100A5C50F /* AppDelegate.swift */; };
		C44D60B2205529C200A5C50F /* AuthViewController.swift in Sources */ = {isa = PBXBuildFile; fileRef = C44D60B1205529C200A5C50F /* AuthViewController.swift */; };
		C44D60B5205529C200A5C50F /* Auth.storyboard in Resources */ = {isa = PBXBuildFile; fileRef = C44D60B3205529C200A5C50F /* Auth.storyboard */; };
		C44D60B7205529C200A5C50F /* Assets.xcassets in Resources */ = {isa = PBXBuildFile; fileRef = C44D60B6205529C200A5C50F /* Assets.xcassets */; };
		C44D60BA205529C200A5C50F /* LaunchScreen.storyboard in Resources */ = {isa = PBXBuildFile; fileRef = C44D60B8205529C200A5C50F /* LaunchScreen.storyboard */; };
		C44D60CA20553B0100A5C50F /* User.swift in Sources */ = {isa = PBXBuildFile; fileRef = C44D60C920553B0100A5C50F /* User.swift */; };
		C44D60D22058061100A5C50F /* AuthTextField.swift in Sources */ = {isa = PBXBuildFile; fileRef = C44D60D12058061100A5C50F /* AuthTextField.swift */; };
		C44D60D5205806BB00A5C50F /* Colors.swift in Sources */ = {isa = PBXBuildFile; fileRef = C44D60D4205806BB00A5C50F /* Colors.swift */; };
		C44D60D7205807F500A5C50F /* UIColor+Hex.swift in Sources */ = {isa = PBXBuildFile; fileRef = C44D60D6205807F500A5C50F /* UIColor+Hex.swift */; };
		C44D60EA2058573D00A5C50F /* UIFont+CustomFont.swift in Sources */ = {isa = PBXBuildFile; fileRef = C44D60E92058573D00A5C50F /* UIFont+CustomFont.swift */; };
		C4556B95205EC04D00D65DBD /* UIImage+ImageWithInsets.swift in Sources */ = {isa = PBXBuildFile; fileRef = C4556B94205EC04D00D65DBD /* UIImage+ImageWithInsets.swift */; };
		C45AC9622066656100F9947F /* UserViewModel.swift in Sources */ = {isa = PBXBuildFile; fileRef = C45AC9612066656100F9947F /* UserViewModel.swift */; };
		C45AC967206671AF00F9947F /* NewsPresentationModel.swift in Sources */ = {isa = PBXBuildFile; fileRef = C45AC966206671AF00F9947F /* NewsPresentationModel.swift */; };
		C4691C50206527DD00991C19 /* UserService.swift in Sources */ = {isa = PBXBuildFile; fileRef = C4691C4F206527DD00991C19 /* UserService.swift */; };
		C4691C52206527EE00991C19 /* UserServiceImpl.swift in Sources */ = {isa = PBXBuildFile; fileRef = C4691C51206527EE00991C19 /* UserServiceImpl.swift */; };
		C472A6BF205B16D500768585 /* PresentationModel.swift in Sources */ = {isa = PBXBuildFile; fileRef = C472A6BE205B16D500768585 /* PresentationModel.swift */; };
		C472A6C3205B174000768585 /* AuthPresentationModel.swift in Sources */ = {isa = PBXBuildFile; fileRef = C472A6C2205B174000768585 /* AuthPresentationModel.swift */; };
		C472A6C8205C4D5300768585 /* String+RemoveWhitespaces.swift in Sources */ = {isa = PBXBuildFile; fileRef = C472A6C7205C4D5300768585 /* String+RemoveWhitespaces.swift */; };
		C472A6CA205C4F8100768585 /* ErrorDescription.swift in Sources */ = {isa = PBXBuildFile; fileRef = C472A6C9205C4F8100768585 /* ErrorDescription.swift */; };
		C472A6CF205C647C00768585 /* KeychainKeys.swift in Sources */ = {isa = PBXBuildFile; fileRef = C472A6CE205C647C00768585 /* KeychainKeys.swift */; };
		C472A6D1205C7E5900768585 /* Storyboard+GetViewController.swift in Sources */ = {isa = PBXBuildFile; fileRef = C472A6D0205C7E5900768585 /* Storyboard+GetViewController.swift */; };
		C472A6D3205C7E8000768585 /* StoryboardTitle.swift in Sources */ = {isa = PBXBuildFile; fileRef = C472A6D2205C7E8000768585 /* StoryboardTitle.swift */; };
		C4A303EE2066C1EB008BFE5E /* RealmCache.swift in Sources */ = {isa = PBXBuildFile; fileRef = C4A303ED2066C1EB008BFE5E /* RealmCache.swift */; };
		C4A303F12066EA53008BFE5E /* NewsService.swift in Sources */ = {isa = PBXBuildFile; fileRef = C4A303F02066EA53008BFE5E /* NewsService.swift */; };
		C4A303F52066EA6C008BFE5E /* NewsServiceImpl.swift in Sources */ = {isa = PBXBuildFile; fileRef = C4A303F42066EA6C008BFE5E /* NewsServiceImpl.swift */; };
		C4A303F72066EAA4008BFE5E /* News.swift in Sources */ = {isa = PBXBuildFile; fileRef = C4A303F62066EAA4008BFE5E /* News.swift */; };
		C4A303FA2066EC5A008BFE5E /* NewsResponse.swift in Sources */ = {isa = PBXBuildFile; fileRef = C4A303F92066EC5A008BFE5E /* NewsResponse.swift */; };
		C4A303FD2066F53C008BFE5E /* NewsViewModel.swift in Sources */ = {isa = PBXBuildFile; fileRef = C4A303FC2066F53C008BFE5E /* NewsViewModel.swift */; };
		C4A304002067085D008BFE5E /* AddNewsCell.xib in Resources */ = {isa = PBXBuildFile; fileRef = C4A303FF2067085D008BFE5E /* AddNewsCell.xib */; };
		C4A3040220670988008BFE5E /* News.xib in Resources */ = {isa = PBXBuildFile; fileRef = C4A3040120670988008BFE5E /* News.xib */; };
		C4A30404206709DF008BFE5E /* NewsWithImage.xib in Resources */ = {isa = PBXBuildFile; fileRef = C4A30403206709DF008BFE5E /* NewsWithImage.xib */; };
		C4BC7104205F2BEA00332D7E /* AuthPassButton.swift in Sources */ = {isa = PBXBuildFile; fileRef = C4BC7103205F2BEA00332D7E /* AuthPassButton.swift */; };
		C4D4E4D920606ED0000A9216 /* CallResults.swift in Sources */ = {isa = PBXBuildFile; fileRef = C4D4E4D820606ED0000A9216 /* CallResults.swift */; };
		C4D4E4DD20606EE5000A9216 /* Parser.swift in Sources */ = {isa = PBXBuildFile; fileRef = C4D4E4DA20606EE4000A9216 /* Parser.swift */; };
		C4D4E4DE20606EE5000A9216 /* Serializer.swift in Sources */ = {isa = PBXBuildFile; fileRef = C4D4E4DB20606EE4000A9216 /* Serializer.swift */; };
		C4D4E4DF20606EE5000A9216 /* Transport.swift in Sources */ = {isa = PBXBuildFile; fileRef = C4D4E4DC20606EE5000A9216 /* Transport.swift */; };
		C4D4E4E320606F08000A9216 /* AuthServiceImpl.swift in Sources */ = {isa = PBXBuildFile; fileRef = C4D4E4E120606F08000A9216 /* AuthServiceImpl.swift */; };
		C4D4E4E720606F2D000A9216 /* AuthService.swift in Sources */ = {isa = PBXBuildFile; fileRef = C4D4E4E520606F2D000A9216 /* AuthService.swift */; };
		C4D4E4E920606F45000A9216 /* ServiceLayer.swift in Sources */ = {isa = PBXBuildFile; fileRef = C4D4E4E820606F45000A9216 /* ServiceLayer.swift */; };
		C4D4E4EB20606FA1000A9216 /* AuthResponse.swift in Sources */ = {isa = PBXBuildFile; fileRef = C4D4E4EA20606FA1000A9216 /* AuthResponse.swift */; };
		C4D4E4EF20606FEF000A9216 /* RecoverPresentationModel.swift in Sources */ = {isa = PBXBuildFile; fileRef = C4D4E4EE20606FEF000A9216 /* RecoverPresentationModel.swift */; };
		C4D4E4F22060860F000A9216 /* AuthRouter.swift in Sources */ = {isa = PBXBuildFile; fileRef = C4D4E4F12060860F000A9216 /* AuthRouter.swift */; };
		C4D4E4FA20618E63000A9216 /* RatingViewController.swift in Sources */ = {isa = PBXBuildFile; fileRef = C4D4E4F920618E63000A9216 /* RatingViewController.swift */; };
		C4D4E4FC20618E8F000A9216 /* NewsViewController.swift in Sources */ = {isa = PBXBuildFile; fileRef = C4D4E4FB20618E8F000A9216 /* NewsViewController.swift */; };
		C4D4E4FE20618FA9000A9216 /* TabBarController.swift in Sources */ = {isa = PBXBuildFile; fileRef = C4D4E4FD20618FA9000A9216 /* TabBarController.swift */; };
		C4D4E50020619339000A9216 /* Rating.storyboard in Resources */ = {isa = PBXBuildFile; fileRef = C4D4E4FF20619339000A9216 /* Rating.storyboard */; };
		C4D4E5022061934F000A9216 /* News.storyboard in Resources */ = {isa = PBXBuildFile; fileRef = C4D4E5012061934F000A9216 /* News.storyboard */; };
/* End PBXBuildFile section */

/* Begin PBXFileReference section */
		25B33F5602AEBC76325DB113 /* Pods-Makub.debug.xcconfig */ = {isa = PBXFileReference; includeInIndex = 1; lastKnownFileType = text.xcconfig; name = "Pods-Makub.debug.xcconfig"; path = "Pods/Target Support Files/Pods-Makub/Pods-Makub.debug.xcconfig"; sourceTree = "<group>"; };
		AD3835C1372474B08AEF32EE /* Pods-Makub.release.xcconfig */ = {isa = PBXFileReference; includeInIndex = 1; lastKnownFileType = text.xcconfig; name = "Pods-Makub.release.xcconfig"; path = "Pods/Target Support Files/Pods-Makub/Pods-Makub.release.xcconfig"; sourceTree = "<group>"; };
		C40EDD7320648EF000338300 /* UIImage+FromColor.swift */ = {isa = PBXFileReference; lastKnownFileType = sourcecode.swift; path = "UIImage+FromColor.swift"; sourceTree = "<group>"; };
		C414F0D120596DE7001961EC /* Roboto-Medium.otf */ = {isa = PBXFileReference; lastKnownFileType = file; path = "Roboto-Medium.otf"; sourceTree = "<group>"; };
		C414F0D220596DE8001961EC /* Roboto-Light.otf */ = {isa = PBXFileReference; lastKnownFileType = file; path = "Roboto-Light.otf"; sourceTree = "<group>"; };
		C414F0D320596DE8001961EC /* Roboto-Bold.otf */ = {isa = PBXFileReference; lastKnownFileType = file; path = "Roboto-Bold.otf"; sourceTree = "<group>"; };
		C414F0D420596DE8001961EC /* Roboto-Regular.otf */ = {isa = PBXFileReference; lastKnownFileType = file; path = "Roboto-Regular.otf"; sourceTree = "<group>"; };
		C414F0DA2059A261001961EC /* UIViewController+HideKeyboard.swift */ = {isa = PBXFileReference; lastKnownFileType = sourcecode.swift; path = "UIViewController+HideKeyboard.swift"; sourceTree = "<group>"; };
		C42924AF205C81E700E6D568 /* RecoverViewController.swift */ = {isa = PBXFileReference; lastKnownFileType = sourcecode.swift; path = RecoverViewController.swift; sourceTree = "<group>"; };
		C44D60AC205529C100A5C50F /* Макуб.app */ = {isa = PBXFileReference; explicitFileType = wrapper.application; includeInIndex = 0; path = "Макуб.app"; sourceTree = BUILT_PRODUCTS_DIR; };
		C44D60AF205529C100A5C50F /* AppDelegate.swift */ = {isa = PBXFileReference; lastKnownFileType = sourcecode.swift; path = AppDelegate.swift; sourceTree = "<group>"; };
		C44D60B1205529C200A5C50F /* AuthViewController.swift */ = {isa = PBXFileReference; lastKnownFileType = sourcecode.swift; path = AuthViewController.swift; sourceTree = "<group>"; };
		C44D60B4205529C200A5C50F /* Base */ = {isa = PBXFileReference; lastKnownFileType = file.storyboard; name = Base; path = Base.lproj/Auth.storyboard; sourceTree = "<group>"; };
		C44D60B6205529C200A5C50F /* Assets.xcassets */ = {isa = PBXFileReference; lastKnownFileType = folder.assetcatalog; path = Assets.xcassets; sourceTree = "<group>"; };
		C44D60B9205529C200A5C50F /* Base */ = {isa = PBXFileReference; lastKnownFileType = file.storyboard; name = Base; path = Base.lproj/LaunchScreen.storyboard; sourceTree = "<group>"; };
		C44D60BB205529C200A5C50F /* Info.plist */ = {isa = PBXFileReference; lastKnownFileType = text.plist.xml; path = Info.plist; sourceTree = "<group>"; };
		C44D60C920553B0100A5C50F /* User.swift */ = {isa = PBXFileReference; lastKnownFileType = sourcecode.swift; path = User.swift; sourceTree = "<group>"; };
		C44D60D12058061100A5C50F /* AuthTextField.swift */ = {isa = PBXFileReference; lastKnownFileType = sourcecode.swift; path = AuthTextField.swift; sourceTree = "<group>"; };
		C44D60D4205806BB00A5C50F /* Colors.swift */ = {isa = PBXFileReference; lastKnownFileType = sourcecode.swift; path = Colors.swift; sourceTree = "<group>"; };
		C44D60D6205807F500A5C50F /* UIColor+Hex.swift */ = {isa = PBXFileReference; lastKnownFileType = sourcecode.swift; path = "UIColor+Hex.swift"; sourceTree = "<group>"; };
		C44D60E92058573D00A5C50F /* UIFont+CustomFont.swift */ = {isa = PBXFileReference; lastKnownFileType = sourcecode.swift; path = "UIFont+CustomFont.swift"; sourceTree = "<group>"; };
		C4556B94205EC04D00D65DBD /* UIImage+ImageWithInsets.swift */ = {isa = PBXFileReference; lastKnownFileType = sourcecode.swift; path = "UIImage+ImageWithInsets.swift"; sourceTree = "<group>"; };
		C45AC9612066656100F9947F /* UserViewModel.swift */ = {isa = PBXFileReference; lastKnownFileType = sourcecode.swift; path = UserViewModel.swift; sourceTree = "<group>"; };
		C45AC966206671AF00F9947F /* NewsPresentationModel.swift */ = {isa = PBXFileReference; lastKnownFileType = sourcecode.swift; path = NewsPresentationModel.swift; sourceTree = "<group>"; };
		C4691C4F206527DD00991C19 /* UserService.swift */ = {isa = PBXFileReference; lastKnownFileType = sourcecode.swift; name = UserService.swift; path = "Makub/Classes/Business logic/User/Protocol/UserService.swift"; sourceTree = SOURCE_ROOT; };
		C4691C51206527EE00991C19 /* UserServiceImpl.swift */ = {isa = PBXFileReference; lastKnownFileType = sourcecode.swift; name = UserServiceImpl.swift; path = "../../Business logic/User/UserServiceImpl.swift"; sourceTree = "<group>"; };
		C472A6BE205B16D500768585 /* PresentationModel.swift */ = {isa = PBXFileReference; lastKnownFileType = sourcecode.swift; path = PresentationModel.swift; sourceTree = "<group>"; };
		C472A6C2205B174000768585 /* AuthPresentationModel.swift */ = {isa = PBXFileReference; lastKnownFileType = sourcecode.swift; path = AuthPresentationModel.swift; sourceTree = "<group>"; };
		C472A6C7205C4D5300768585 /* String+RemoveWhitespaces.swift */ = {isa = PBXFileReference; lastKnownFileType = sourcecode.swift; path = "String+RemoveWhitespaces.swift"; sourceTree = "<group>"; };
		C472A6C9205C4F8100768585 /* ErrorDescription.swift */ = {isa = PBXFileReference; lastKnownFileType = sourcecode.swift; path = ErrorDescription.swift; sourceTree = "<group>"; };
		C472A6CE205C647C00768585 /* KeychainKeys.swift */ = {isa = PBXFileReference; lastKnownFileType = sourcecode.swift; path = KeychainKeys.swift; sourceTree = "<group>"; };
		C472A6D0205C7E5900768585 /* Storyboard+GetViewController.swift */ = {isa = PBXFileReference; lastKnownFileType = sourcecode.swift; path = "Storyboard+GetViewController.swift"; sourceTree = "<group>"; };
		C472A6D2205C7E8000768585 /* StoryboardTitle.swift */ = {isa = PBXFileReference; lastKnownFileType = sourcecode.swift; path = StoryboardTitle.swift; sourceTree = "<group>"; };
		C4A303ED2066C1EB008BFE5E /* RealmCache.swift */ = {isa = PBXFileReference; lastKnownFileType = sourcecode.swift; name = RealmCache.swift; path = "Makub/Classes/Business logic/Core Components/RealmCache.swift"; sourceTree = SOURCE_ROOT; };
		C4A303F02066EA53008BFE5E /* NewsService.swift */ = {isa = PBXFileReference; lastKnownFileType = sourcecode.swift; name = NewsService.swift; path = "Makub/Classes/Business logic/Service/News/Protocol/NewsService.swift"; sourceTree = SOURCE_ROOT; };
		C4A303F42066EA6C008BFE5E /* NewsServiceImpl.swift */ = {isa = PBXFileReference; lastKnownFileType = sourcecode.swift; path = NewsServiceImpl.swift; sourceTree = "<group>"; };
		C4A303F62066EAA4008BFE5E /* News.swift */ = {isa = PBXFileReference; lastKnownFileType = sourcecode.swift; path = News.swift; sourceTree = "<group>"; };
		C4A303F92066EC5A008BFE5E /* NewsResponse.swift */ = {isa = PBXFileReference; lastKnownFileType = sourcecode.swift; name = NewsResponse.swift; path = "Makub/Classes/Business logic/Service/News/Parser/NewsResponse.swift"; sourceTree = SOURCE_ROOT; };
		C4A303FC2066F53C008BFE5E /* NewsViewModel.swift */ = {isa = PBXFileReference; lastKnownFileType = sourcecode.swift; path = NewsViewModel.swift; sourceTree = "<group>"; };
		C4A303FF2067085D008BFE5E /* AddNewsCell.xib */ = {isa = PBXFileReference; lastKnownFileType = file.xib; path = AddNewsCell.xib; sourceTree = "<group>"; };
		C4A3040120670988008BFE5E /* News.xib */ = {isa = PBXFileReference; lastKnownFileType = file.xib; path = News.xib; sourceTree = "<group>"; };
		C4A30403206709DF008BFE5E /* NewsWithImage.xib */ = {isa = PBXFileReference; lastKnownFileType = file.xib; path = NewsWithImage.xib; sourceTree = "<group>"; };
		C4BC7103205F2BEA00332D7E /* AuthPassButton.swift */ = {isa = PBXFileReference; lastKnownFileType = sourcecode.swift; path = AuthPassButton.swift; sourceTree = "<group>"; };
		C4D4E4D820606ED0000A9216 /* CallResults.swift */ = {isa = PBXFileReference; fileEncoding = 4; lastKnownFileType = sourcecode.swift; path = CallResults.swift; sourceTree = "<group>"; };
		C4D4E4DA20606EE4000A9216 /* Parser.swift */ = {isa = PBXFileReference; fileEncoding = 4; lastKnownFileType = sourcecode.swift; path = Parser.swift; sourceTree = "<group>"; };
		C4D4E4DB20606EE4000A9216 /* Serializer.swift */ = {isa = PBXFileReference; fileEncoding = 4; lastKnownFileType = sourcecode.swift; path = Serializer.swift; sourceTree = "<group>"; };
		C4D4E4DC20606EE5000A9216 /* Transport.swift */ = {isa = PBXFileReference; fileEncoding = 4; lastKnownFileType = sourcecode.swift; path = Transport.swift; sourceTree = "<group>"; };
		C4D4E4E120606F08000A9216 /* AuthServiceImpl.swift */ = {isa = PBXFileReference; fileEncoding = 4; lastKnownFileType = sourcecode.swift; path = AuthServiceImpl.swift; sourceTree = "<group>"; };
		C4D4E4E520606F2D000A9216 /* AuthService.swift */ = {isa = PBXFileReference; fileEncoding = 4; lastKnownFileType = sourcecode.swift; path = AuthService.swift; sourceTree = "<group>"; };
		C4D4E4E820606F45000A9216 /* ServiceLayer.swift */ = {isa = PBXFileReference; fileEncoding = 4; lastKnownFileType = sourcecode.swift; path = ServiceLayer.swift; sourceTree = "<group>"; };
		C4D4E4EA20606FA1000A9216 /* AuthResponse.swift */ = {isa = PBXFileReference; fileEncoding = 4; lastKnownFileType = sourcecode.swift; path = AuthResponse.swift; sourceTree = "<group>"; };
		C4D4E4EE20606FEF000A9216 /* RecoverPresentationModel.swift */ = {isa = PBXFileReference; lastKnownFileType = sourcecode.swift; path = RecoverPresentationModel.swift; sourceTree = "<group>"; };
		C4D4E4F12060860F000A9216 /* AuthRouter.swift */ = {isa = PBXFileReference; lastKnownFileType = sourcecode.swift; path = AuthRouter.swift; sourceTree = "<group>"; };
		C4D4E4F920618E63000A9216 /* RatingViewController.swift */ = {isa = PBXFileReference; lastKnownFileType = sourcecode.swift; path = RatingViewController.swift; sourceTree = "<group>"; };
		C4D4E4FB20618E8F000A9216 /* NewsViewController.swift */ = {isa = PBXFileReference; lastKnownFileType = sourcecode.swift; path = NewsViewController.swift; sourceTree = "<group>"; };
		C4D4E4FD20618FA9000A9216 /* TabBarController.swift */ = {isa = PBXFileReference; fileEncoding = 4; lastKnownFileType = sourcecode.swift; path = TabBarController.swift; sourceTree = "<group>"; };
		C4D4E4FF20619339000A9216 /* Rating.storyboard */ = {isa = PBXFileReference; lastKnownFileType = file.storyboard; path = Rating.storyboard; sourceTree = "<group>"; };
		C4D4E5012061934F000A9216 /* News.storyboard */ = {isa = PBXFileReference; lastKnownFileType = file.storyboard; path = News.storyboard; sourceTree = "<group>"; };
		FD91280B983360A8DBD4BDFC /* Pods_Makub.framework */ = {isa = PBXFileReference; explicitFileType = wrapper.framework; includeInIndex = 0; path = Pods_Makub.framework; sourceTree = BUILT_PRODUCTS_DIR; };
/* End PBXFileReference section */

/* Begin PBXFrameworksBuildPhase section */
		C44D60A9205529C100A5C50F /* Frameworks */ = {
			isa = PBXFrameworksBuildPhase;
			buildActionMask = 2147483647;
			files = (
				0133FA4162EDEEAA9FE3135C /* Pods_Makub.framework in Frameworks */,
			);
			runOnlyForDeploymentPostprocessing = 0;
		};
/* End PBXFrameworksBuildPhase section */

/* Begin PBXGroup section */
		098B841B262CEA2D15B352A5 /* Pods */ = {
			isa = PBXGroup;
			children = (
				25B33F5602AEBC76325DB113 /* Pods-Makub.debug.xcconfig */,
				AD3835C1372474B08AEF32EE /* Pods-Makub.release.xcconfig */,
			);
			name = Pods;
			sourceTree = "<group>";
		};
		C40EDD7520648F0F00338300 /* Extensions */ = {
			isa = PBXGroup;
			children = (
				C44D60E92058573D00A5C50F /* UIFont+CustomFont.swift */,
				C414F0DA2059A261001961EC /* UIViewController+HideKeyboard.swift */,
				C44D60D6205807F500A5C50F /* UIColor+Hex.swift */,
				C472A6D0205C7E5900768585 /* Storyboard+GetViewController.swift */,
				C4556B94205EC04D00D65DBD /* UIImage+ImageWithInsets.swift */,
				C40EDD7320648EF000338300 /* UIImage+FromColor.swift */,
			);
			path = Extensions;
			sourceTree = "<group>";
		};
		C40EDD7620648F1700338300 /* Enums */ = {
			isa = PBXGroup;
			children = (
				C472A6C9205C4F8100768585 /* ErrorDescription.swift */,
				C472A6D2205C7E8000768585 /* StoryboardTitle.swift */,
			);
			path = Enums;
			sourceTree = "<group>";
		};
		C414F0D92059A23D001961EC /* Helper */ = {
			isa = PBXGroup;
			children = (
				C40EDD7620648F1700338300 /* Enums */,
				C40EDD7520648F0F00338300 /* Extensions */,
			);
			path = Helper;
			sourceTree = "<group>";
		};
		C44D60A3205529C100A5C50F = {
			isa = PBXGroup;
			children = (
				C44D60AE205529C100A5C50F /* Makub */,
				C44D60AD205529C100A5C50F /* Products */,
				098B841B262CEA2D15B352A5 /* Pods */,
				C8FE19675A729A68973D7EBE /* Frameworks */,
			);
			sourceTree = "<group>";
		};
		C44D60AD205529C100A5C50F /* Products */ = {
			isa = PBXGroup;
			children = (
				C44D60AC205529C100A5C50F /* Макуб.app */,
			);
			name = Products;
			sourceTree = "<group>";
		};
		C44D60AE205529C100A5C50F /* Makub */ = {
			isa = PBXGroup;
			children = (
				C44D60C2205538BD00A5C50F /* Classes */,
				C44D60C4205538F300A5C50F /* Supporting files */,
				C44D60C3205538E900A5C50F /* Resources */,
				C44D60AF205529C100A5C50F /* AppDelegate.swift */,
			);
			path = Makub;
			sourceTree = "<group>";
		};
		C44D60C2205538BD00A5C50F /* Classes */ = {
			isa = PBXGroup;
			children = (
				C44D60C52055390300A5C50F /* Model */,
				C4D4E4D220606E61000A9216 /* Business Logic */,
				C44D60C62055390F00A5C50F /* Presentation */,
			);
			path = Classes;
			sourceTree = "<group>";
		};
		C44D60C3205538E900A5C50F /* Resources */ = {
			isa = PBXGroup;
			children = (
				C472A6CD205C646F00768585 /* Keys */,
				C44D60DF205855EB00A5C50F /* Fonts */,
				C44D60B6205529C200A5C50F /* Assets.xcassets */,
				C44D60B8205529C200A5C50F /* LaunchScreen.storyboard */,
				C44D60D4205806BB00A5C50F /* Colors.swift */,
			);
			path = Resources;
			sourceTree = "<group>";
		};
		C44D60C4205538F300A5C50F /* Supporting files */ = {
			isa = PBXGroup;
			children = (
				C44D60BB205529C200A5C50F /* Info.plist */,
			);
			path = "Supporting files";
			sourceTree = "<group>";
		};
		C44D60C52055390300A5C50F /* Model */ = {
			isa = PBXGroup;
			children = (
				C44D60C920553B0100A5C50F /* User.swift */,
				C4A303F62066EAA4008BFE5E /* News.swift */,
			);
			path = Model;
			sourceTree = "<group>";
		};
		C44D60C62055390F00A5C50F /* Presentation */ = {
			isa = PBXGroup;
			children = (
				C44D60E82058571800A5C50F /* Common */,
				C4D4E4F820618E47000A9216 /* Rating */,
				C4D4E4F720618E42000A9216 /* News */,
				C45AC95B2066179D00F9947F /* Tab Bar */,
				C44D60C82055394900A5C50F /* Auth */,
			);
			path = Presentation;
			sourceTree = "<group>";
		};
		C44D60C82055394900A5C50F /* Auth */ = {
			isa = PBXGroup;
			children = (
				C44D60B3205529C200A5C50F /* Auth.storyboard */,
				C4D4E4F0206085BD000A9216 /* Router */,
				C44D60CF205805CF00A5C50F /* ViewController */,
				C472A6C0205B170E00768585 /* Presentation Model */,
				C44D60D0205805E300A5C50F /* Helper */,
			);
			path = Auth;
			sourceTree = "<group>";
		};
		C44D60CF205805CF00A5C50F /* ViewController */ = {
			isa = PBXGroup;
			children = (
				C44D60B1205529C200A5C50F /* AuthViewController.swift */,
				C42924AF205C81E700E6D568 /* RecoverViewController.swift */,
			);
			path = ViewController;
			sourceTree = "<group>";
		};
		C44D60D0205805E300A5C50F /* Helper */ = {
			isa = PBXGroup;
			children = (
				C472A6C7205C4D5300768585 /* String+RemoveWhitespaces.swift */,
				C44D60D12058061100A5C50F /* AuthTextField.swift */,
				C4BC7103205F2BEA00332D7E /* AuthPassButton.swift */,
			);
			path = Helper;
			sourceTree = "<group>";
		};
		C44D60DF205855EB00A5C50F /* Fonts */ = {
			isa = PBXGroup;
			children = (
				C414F0D320596DE8001961EC /* Roboto-Bold.otf */,
				C414F0D220596DE8001961EC /* Roboto-Light.otf */,
				C414F0D120596DE7001961EC /* Roboto-Medium.otf */,
				C414F0D420596DE8001961EC /* Roboto-Regular.otf */,
			);
			path = Fonts;
			sourceTree = "<group>";
		};
		C44D60E82058571800A5C50F /* Common */ = {
			isa = PBXGroup;
			children = (
				C472A6BE205B16D500768585 /* PresentationModel.swift */,
				C414F0D92059A23D001961EC /* Helper */,
			);
			path = Common;
			sourceTree = "<group>";
		};
		C45AC9562066166500F9947F /* Protocol */ = {
			isa = PBXGroup;
			children = (
				C4691C4F206527DD00991C19 /* UserService.swift */,
			);
			path = Protocol;
			sourceTree = "<group>";
		};
		C45AC9572066171C00F9947F /* View Controller */ = {
			isa = PBXGroup;
			children = (
				C4D4E4FB20618E8F000A9216 /* NewsViewController.swift */,
			);
			path = "View Controller";
			sourceTree = "<group>";
		};
		C45AC95B2066179D00F9947F /* Tab Bar */ = {
			isa = PBXGroup;
			children = (
				C45AC95C206617B200F9947F /* View Controller */,
				C45AC9602066654A00F9947F /* View Model */,
			);
			path = "Tab Bar";
			sourceTree = "<group>";
		};
		C45AC95C206617B200F9947F /* View Controller */ = {
			isa = PBXGroup;
			children = (
				C4D4E4FD20618FA9000A9216 /* TabBarController.swift */,
			);
			path = "View Controller";
			sourceTree = "<group>";
		};
		C45AC9602066654A00F9947F /* View Model */ = {
			isa = PBXGroup;
			children = (
				C45AC9612066656100F9947F /* UserViewModel.swift */,
			);
			path = "View Model";
			sourceTree = "<group>";
		};
		C45AC9652066710B00F9947F /* Presentation Model */ = {
			isa = PBXGroup;
			children = (
				C45AC966206671AF00F9947F /* NewsPresentationModel.swift */,
			);
			path = "Presentation Model";
			sourceTree = "<group>";
		};
		C4691C4E206527CE00991C19 /* User */ = {
			isa = PBXGroup;
			children = (
				C45AC9562066166500F9947F /* Protocol */,
				C4691C51206527EE00991C19 /* UserServiceImpl.swift */,
			);
			name = User;
			path = "../../Business logic/User";
			sourceTree = "<group>";
		};
		C472A6C0205B170E00768585 /* Presentation Model */ = {
			isa = PBXGroup;
			children = (
				C472A6C2205B174000768585 /* AuthPresentationModel.swift */,
				C4D4E4EE20606FEF000A9216 /* RecoverPresentationModel.swift */,
			);
			path = "Presentation Model";
			sourceTree = "<group>";
		};
		C472A6CD205C646F00768585 /* Keys */ = {
			isa = PBXGroup;
			children = (
				C472A6CE205C647C00768585 /* KeychainKeys.swift */,
			);
			path = Keys;
			sourceTree = "<group>";
		};
		C4A303EF2066EA3F008BFE5E /* News */ = {
			isa = PBXGroup;
			children = (
				C4A303F22066EA57008BFE5E /* Protocol */,
				C4A303F82066EC3A008BFE5E /* Parser */,
				C4A303F42066EA6C008BFE5E /* NewsServiceImpl.swift */,
			);
			name = News;
			path = "../../Business logic/Service/News";
			sourceTree = "<group>";
		};
		C4A303F22066EA57008BFE5E /* Protocol */ = {
			isa = PBXGroup;
			children = (
				C4A303F02066EA53008BFE5E /* NewsService.swift */,
			);
			path = Protocol;
			sourceTree = "<group>";
		};
		C4A303F82066EC3A008BFE5E /* Parser */ = {
			isa = PBXGroup;
			children = (
				C4A303F92066EC5A008BFE5E /* NewsResponse.swift */,
			);
			path = Parser;
			sourceTree = "<group>";
		};
		C4A303FB2066F50C008BFE5E /* View Model */ = {
			isa = PBXGroup;
			children = (
				C4A303FC2066F53C008BFE5E /* NewsViewModel.swift */,
			);
			path = "View Model";
			sourceTree = "<group>";
		};
		C4A303FE20670818008BFE5E /* View */ = {
			isa = PBXGroup;
			children = (
				C4A303FF2067085D008BFE5E /* AddNewsCell.xib */,
				C4A3040120670988008BFE5E /* News.xib */,
				C4A30403206709DF008BFE5E /* NewsWithImage.xib */,
			);
			path = View;
			sourceTree = "<group>";
		};
		C4D4E4D220606E61000A9216 /* Business Logic */ = {
			isa = PBXGroup;
			children = (
				C4D4E4D420606E7B000A9216 /* Service */,
				C4D4E4D320606E79000A9216 /* Core Components */,
			);
			path = "Business Logic";
			sourceTree = "<group>";
		};
		C4D4E4D320606E79000A9216 /* Core Components */ = {
			isa = PBXGroup;
			children = (
				C4D4E4DB20606EE4000A9216 /* Serializer.swift */,
				C4D4E4DC20606EE5000A9216 /* Transport.swift */,
				C4D4E4DA20606EE4000A9216 /* Parser.swift */,
				C4A303ED2066C1EB008BFE5E /* RealmCache.swift */,
			);
			path = "Core Components";
			sourceTree = "<group>";
		};
		C4D4E4D420606E7B000A9216 /* Service */ = {
			isa = PBXGroup;
			children = (
				C4D4E4E820606F45000A9216 /* ServiceLayer.swift */,
				C4D4E4D620606E9F000A9216 /* Auth */,
				C4A303EF2066EA3F008BFE5E /* News */,
				C4691C4E206527CE00991C19 /* User */,
				C4D4E4D520606E9C000A9216 /* Common */,
			);
			path = Service;
			sourceTree = "<group>";
		};
		C4D4E4D520606E9C000A9216 /* Common */ = {
			isa = PBXGroup;
			children = (
				C4D4E4D820606ED0000A9216 /* CallResults.swift */,
			);
			path = Common;
			sourceTree = "<group>";
		};
		C4D4E4D620606E9F000A9216 /* Auth */ = {
			isa = PBXGroup;
			children = (
				C4D4E4D720606EA9000A9216 /* Protocol */,
				C4D4E4E120606F08000A9216 /* AuthServiceImpl.swift */,
				C4D4E4EA20606FA1000A9216 /* AuthResponse.swift */,
			);
			path = Auth;
			sourceTree = "<group>";
		};
		C4D4E4D720606EA9000A9216 /* Protocol */ = {
			isa = PBXGroup;
			children = (
				C4D4E4E520606F2D000A9216 /* AuthService.swift */,
			);
			path = Protocol;
			sourceTree = "<group>";
		};
		C4D4E4F0206085BD000A9216 /* Router */ = {
			isa = PBXGroup;
			children = (
				C4D4E4F12060860F000A9216 /* AuthRouter.swift */,
			);
			path = Router;
			sourceTree = "<group>";
		};
		C4D4E4F720618E42000A9216 /* News */ = {
			isa = PBXGroup;
			children = (
				C4D4E5012061934F000A9216 /* News.storyboard */,
				C4A303FE20670818008BFE5E /* View */,
				C4A303FB2066F50C008BFE5E /* View Model */,
				C45AC9652066710B00F9947F /* Presentation Model */,
				C45AC9572066171C00F9947F /* View Controller */,
			);
			path = News;
			sourceTree = "<group>";
		};
		C4D4E4F820618E47000A9216 /* Rating */ = {
			isa = PBXGroup;
			children = (
				C4D4E4FF20619339000A9216 /* Rating.storyboard */,
				C4D4E4F920618E63000A9216 /* RatingViewController.swift */,
			);
			path = Rating;
			sourceTree = "<group>";
		};
		C8FE19675A729A68973D7EBE /* Frameworks */ = {
			isa = PBXGroup;
			children = (
				FD91280B983360A8DBD4BDFC /* Pods_Makub.framework */,
			);
			name = Frameworks;
			sourceTree = "<group>";
		};
/* End PBXGroup section */

/* Begin PBXNativeTarget section */
		C44D60AB205529C100A5C50F /* Makub */ = {
			isa = PBXNativeTarget;
			buildConfigurationList = C44D60BE205529C200A5C50F /* Build configuration list for PBXNativeTarget "Makub" */;
			buildPhases = (
				CD72571B3962AE75D14A1E75 /* [CP] Check Pods Manifest.lock */,
				C44D60A8205529C100A5C50F /* Sources */,
				C44D60A9205529C100A5C50F /* Frameworks */,
				C44D60AA205529C100A5C50F /* Resources */,
				4969C7D6DC60B9B862F4CC52 /* [CP] Embed Pods Frameworks */,
				3B91DFCF6D4FC27ABCC4765A /* [CP] Copy Pods Resources */,
				C4F242032059DCBC007E8A16 /* Swiftlint */,
			);
			buildRules = (
			);
			dependencies = (
			);
			name = Makub;
			productName = Makub;
			productReference = C44D60AC205529C100A5C50F /* Макуб.app */;
			productType = "com.apple.product-type.application";
		};
/* End PBXNativeTarget section */

/* Begin PBXProject section */
		C44D60A4205529C100A5C50F /* Project object */ = {
			isa = PBXProject;
			attributes = {
				LastSwiftUpdateCheck = 0920;
				LastUpgradeCheck = 0920;
				ORGANIZATIONNAME = "Elena Yanovskaya";
				TargetAttributes = {
					C44D60AB205529C100A5C50F = {
						CreatedOnToolsVersion = 9.2;
						ProvisioningStyle = Automatic;
					};
				};
			};
			buildConfigurationList = C44D60A7205529C100A5C50F /* Build configuration list for PBXProject "Makub" */;
			compatibilityVersion = "Xcode 8.0";
			developmentRegion = en;
			hasScannedForEncodings = 0;
			knownRegions = (
				en,
				Base,
			);
			mainGroup = C44D60A3205529C100A5C50F;
			productRefGroup = C44D60AD205529C100A5C50F /* Products */;
			projectDirPath = "";
			projectRoot = "";
			targets = (
				C44D60AB205529C100A5C50F /* Makub */,
			);
		};
/* End PBXProject section */

/* Begin PBXResourcesBuildPhase section */
		C44D60AA205529C100A5C50F /* Resources */ = {
			isa = PBXResourcesBuildPhase;
			buildActionMask = 2147483647;
			files = (
				C44D60BA205529C200A5C50F /* LaunchScreen.storyboard in Resources */,
				C44D60B7205529C200A5C50F /* Assets.xcassets in Resources */,
				C4A304002067085D008BFE5E /* AddNewsCell.xib in Resources */,
				C414F0D620596DE8001961EC /* Roboto-Light.otf in Resources */,
				C414F0D820596DE8001961EC /* Roboto-Regular.otf in Resources */,
				C4D4E5022061934F000A9216 /* News.storyboard in Resources */,
				C4A30404206709DF008BFE5E /* NewsWithImage.xib in Resources */,
				C44D60B5205529C200A5C50F /* Auth.storyboard in Resources */,
				C4D4E50020619339000A9216 /* Rating.storyboard in Resources */,
				C4A3040220670988008BFE5E /* News.xib in Resources */,
				C414F0D520596DE8001961EC /* Roboto-Medium.otf in Resources */,
				C414F0D720596DE8001961EC /* Roboto-Bold.otf in Resources */,
			);
			runOnlyForDeploymentPostprocessing = 0;
		};
/* End PBXResourcesBuildPhase section */

/* Begin PBXShellScriptBuildPhase section */
		3B91DFCF6D4FC27ABCC4765A /* [CP] Copy Pods Resources */ = {
			isa = PBXShellScriptBuildPhase;
			buildActionMask = 2147483647;
			files = (
			);
			inputPaths = (
			);
			name = "[CP] Copy Pods Resources";
			outputPaths = (
			);
			runOnlyForDeploymentPostprocessing = 0;
			shellPath = /bin/sh;
			shellScript = "\"${SRCROOT}/Pods/Target Support Files/Pods-Makub/Pods-Makub-resources.sh\"\n";
			showEnvVarsInLog = 0;
		};
		4969C7D6DC60B9B862F4CC52 /* [CP] Embed Pods Frameworks */ = {
			isa = PBXShellScriptBuildPhase;
			buildActionMask = 2147483647;
			files = (
			);
			inputPaths = (
				"${SRCROOT}/Pods/Target Support Files/Pods-Makub/Pods-Makub-frameworks.sh",
				"${BUILT_PRODUCTS_DIR}/Alamofire/Alamofire.framework",
				"${BUILT_PRODUCTS_DIR}/PKHUD/PKHUD.framework",
				"${BUILT_PRODUCTS_DIR}/Realm/Realm.framework",
				"${BUILT_PRODUCTS_DIR}/RealmSwift/RealmSwift.framework",
				"${BUILT_PRODUCTS_DIR}/SwiftKeychainWrapper/SwiftKeychainWrapper.framework",
			);
			name = "[CP] Embed Pods Frameworks";
			outputPaths = (
				"${TARGET_BUILD_DIR}/${FRAMEWORKS_FOLDER_PATH}/Alamofire.framework",
				"${TARGET_BUILD_DIR}/${FRAMEWORKS_FOLDER_PATH}/PKHUD.framework",
				"${TARGET_BUILD_DIR}/${FRAMEWORKS_FOLDER_PATH}/Realm.framework",
				"${TARGET_BUILD_DIR}/${FRAMEWORKS_FOLDER_PATH}/RealmSwift.framework",
				"${TARGET_BUILD_DIR}/${FRAMEWORKS_FOLDER_PATH}/SwiftKeychainWrapper.framework",
			);
			runOnlyForDeploymentPostprocessing = 0;
			shellPath = /bin/sh;
			shellScript = "\"${SRCROOT}/Pods/Target Support Files/Pods-Makub/Pods-Makub-frameworks.sh\"\n";
			showEnvVarsInLog = 0;
		};
		C4F242032059DCBC007E8A16 /* Swiftlint */ = {
			isa = PBXShellScriptBuildPhase;
			buildActionMask = 2147483647;
			files = (
			);
			inputPaths = (
			);
			name = Swiftlint;
			outputPaths = (
			);
			runOnlyForDeploymentPostprocessing = 0;
			shellPath = /bin/sh;
			shellScript = "\"${PODS_ROOT}/SwiftLint/swiftlint\"";
		};
		CD72571B3962AE75D14A1E75 /* [CP] Check Pods Manifest.lock */ = {
			isa = PBXShellScriptBuildPhase;
			buildActionMask = 2147483647;
			files = (
			);
			inputPaths = (
				"${PODS_PODFILE_DIR_PATH}/Podfile.lock",
				"${PODS_ROOT}/Manifest.lock",
			);
			name = "[CP] Check Pods Manifest.lock";
			outputPaths = (
				"$(DERIVED_FILE_DIR)/Pods-Makub-checkManifestLockResult.txt",
			);
			runOnlyForDeploymentPostprocessing = 0;
			shellPath = /bin/sh;
			shellScript = "diff \"${PODS_PODFILE_DIR_PATH}/Podfile.lock\" \"${PODS_ROOT}/Manifest.lock\" > /dev/null\nif [ $? != 0 ] ; then\n    # print error to STDERR\n    echo \"error: The sandbox is not in sync with the Podfile.lock. Run 'pod install' or update your CocoaPods installation.\" >&2\n    exit 1\nfi\n# This output is used by Xcode 'outputs' to avoid re-running this script phase.\necho \"SUCCESS\" > \"${SCRIPT_OUTPUT_FILE_0}\"\n";
			showEnvVarsInLog = 0;
		};
/* End PBXShellScriptBuildPhase section */

/* Begin PBXSourcesBuildPhase section */
		C44D60A8205529C100A5C50F /* Sources */ = {
			isa = PBXSourcesBuildPhase;
			buildActionMask = 2147483647;
			files = (
				C414F0DB2059A261001961EC /* UIViewController+HideKeyboard.swift in Sources */,
				C44D60D7205807F500A5C50F /* UIColor+Hex.swift in Sources */,
				C4BC7104205F2BEA00332D7E /* AuthPassButton.swift in Sources */,
				C44D60B2205529C200A5C50F /* AuthViewController.swift in Sources */,
				C4A303F52066EA6C008BFE5E /* NewsServiceImpl.swift in Sources */,
				C472A6BF205B16D500768585 /* PresentationModel.swift in Sources */,
				C472A6CF205C647C00768585 /* KeychainKeys.swift in Sources */,
				C472A6C3205B174000768585 /* AuthPresentationModel.swift in Sources */,
				C4556B95205EC04D00D65DBD /* UIImage+ImageWithInsets.swift in Sources */,
				C44D60D5205806BB00A5C50F /* Colors.swift in Sources */,
				C472A6CA205C4F8100768585 /* ErrorDescription.swift in Sources */,
				C45AC9622066656100F9947F /* UserViewModel.swift in Sources */,
				C4D4E4DE20606EE5000A9216 /* Serializer.swift in Sources */,
				C45AC967206671AF00F9947F /* NewsPresentationModel.swift in Sources */,
				C472A6D1205C7E5900768585 /* Storyboard+GetViewController.swift in Sources */,
				C4D4E4D920606ED0000A9216 /* CallResults.swift in Sources */,
				C4D4E4E320606F08000A9216 /* AuthServiceImpl.swift in Sources */,
				C4D4E4F22060860F000A9216 /* AuthRouter.swift in Sources */,
				C4A303F72066EAA4008BFE5E /* News.swift in Sources */,
				C4D4E4FE20618FA9000A9216 /* TabBarController.swift in Sources */,
				C4D4E4EF20606FEF000A9216 /* RecoverPresentationModel.swift in Sources */,
				C4691C50206527DD00991C19 /* UserService.swift in Sources */,
				C4691C52206527EE00991C19 /* UserServiceImpl.swift in Sources */,
				C40EDD7420648EF000338300 /* UIImage+FromColor.swift in Sources */,
				C4D4E4DD20606EE5000A9216 /* Parser.swift in Sources */,
				C4A303FD2066F53C008BFE5E /* NewsViewModel.swift in Sources */,
				C4A303FA2066EC5A008BFE5E /* NewsResponse.swift in Sources */,
				C4D4E4E920606F45000A9216 /* ServiceLayer.swift in Sources */,
				C4A303F12066EA53008BFE5E /* NewsService.swift in Sources */,
				C472A6C8205C4D5300768585 /* String+RemoveWhitespaces.swift in Sources */,
				C4D4E4EB20606FA1000A9216 /* AuthResponse.swift in Sources */,
				C4D4E4DF20606EE5000A9216 /* Transport.swift in Sources */,
				C4D4E4FA20618E63000A9216 /* RatingViewController.swift in Sources */,
				C4D4E4E720606F2D000A9216 /* AuthService.swift in Sources */,
				C42924B0205C81E700E6D568 /* RecoverViewController.swift in Sources */,
				C44D60D22058061100A5C50F /* AuthTextField.swift in Sources */,
				C44D60EA2058573D00A5C50F /* UIFont+CustomFont.swift in Sources */,
				C44D60B0205529C100A5C50F /* AppDelegate.swift in Sources */,
				C44D60CA20553B0100A5C50F /* User.swift in Sources */,
				C472A6D3205C7E8000768585 /* StoryboardTitle.swift in Sources */,
				C4A303EE2066C1EB008BFE5E /* RealmCache.swift in Sources */,
				C4D4E4FC20618E8F000A9216 /* NewsViewController.swift in Sources */,
			);
			runOnlyForDeploymentPostprocessing = 0;
		};
/* End PBXSourcesBuildPhase section */

/* Begin PBXVariantGroup section */
		C44D60B3205529C200A5C50F /* Auth.storyboard */ = {
			isa = PBXVariantGroup;
			children = (
				C44D60B4205529C200A5C50F /* Base */,
			);
			name = Auth.storyboard;
			sourceTree = "<group>";
		};
		C44D60B8205529C200A5C50F /* LaunchScreen.storyboard */ = {
			isa = PBXVariantGroup;
			children = (
				C44D60B9205529C200A5C50F /* Base */,
			);
			name = LaunchScreen.storyboard;
			sourceTree = "<group>";
		};
/* End PBXVariantGroup section */

/* Begin XCBuildConfiguration section */
		C44D60BC205529C200A5C50F /* Debug */ = {
			isa = XCBuildConfiguration;
			buildSettings = {
				ALWAYS_SEARCH_USER_PATHS = NO;
				CLANG_ANALYZER_LOCALIZABILITY_NONLOCALIZED = YES;
				CLANG_ANALYZER_NONNULL = YES;
				CLANG_ANALYZER_NUMBER_OBJECT_CONVERSION = YES_AGGRESSIVE;
				CLANG_CXX_LANGUAGE_STANDARD = "gnu++14";
				CLANG_CXX_LIBRARY = "libc++";
				CLANG_ENABLE_MODULES = YES;
				CLANG_ENABLE_OBJC_ARC = YES;
				CLANG_WARN_BLOCK_CAPTURE_AUTORELEASING = YES;
				CLANG_WARN_BOOL_CONVERSION = YES;
				CLANG_WARN_COMMA = YES;
				CLANG_WARN_CONSTANT_CONVERSION = YES;
				CLANG_WARN_DIRECT_OBJC_ISA_USAGE = YES_ERROR;
				CLANG_WARN_DOCUMENTATION_COMMENTS = YES;
				CLANG_WARN_EMPTY_BODY = YES;
				CLANG_WARN_ENUM_CONVERSION = YES;
				CLANG_WARN_INFINITE_RECURSION = YES;
				CLANG_WARN_INT_CONVERSION = YES;
				CLANG_WARN_NON_LITERAL_NULL_CONVERSION = YES;
				CLANG_WARN_OBJC_LITERAL_CONVERSION = YES;
				CLANG_WARN_OBJC_ROOT_CLASS = YES_ERROR;
				CLANG_WARN_RANGE_LOOP_ANALYSIS = YES;
				CLANG_WARN_STRICT_PROTOTYPES = YES;
				CLANG_WARN_SUSPICIOUS_MOVE = YES;
				CLANG_WARN_UNGUARDED_AVAILABILITY = YES_AGGRESSIVE;
				CLANG_WARN_UNREACHABLE_CODE = YES;
				CLANG_WARN__DUPLICATE_METHOD_MATCH = YES;
				CODE_SIGN_IDENTITY = "iPhone Developer";
				COPY_PHASE_STRIP = NO;
				DEBUG_INFORMATION_FORMAT = dwarf;
				ENABLE_STRICT_OBJC_MSGSEND = YES;
				ENABLE_TESTABILITY = YES;
				GCC_C_LANGUAGE_STANDARD = gnu11;
				GCC_DYNAMIC_NO_PIC = NO;
				GCC_NO_COMMON_BLOCKS = YES;
				GCC_OPTIMIZATION_LEVEL = 0;
				GCC_PREPROCESSOR_DEFINITIONS = (
					"DEBUG=1",
					"$(inherited)",
				);
				GCC_WARN_64_TO_32_BIT_CONVERSION = YES;
				GCC_WARN_ABOUT_RETURN_TYPE = YES_ERROR;
				GCC_WARN_UNDECLARED_SELECTOR = YES;
				GCC_WARN_UNINITIALIZED_AUTOS = YES_AGGRESSIVE;
				GCC_WARN_UNUSED_FUNCTION = YES;
				GCC_WARN_UNUSED_VARIABLE = YES;
				IPHONEOS_DEPLOYMENT_TARGET = 11.2;
				MTL_ENABLE_DEBUG_INFO = YES;
				ONLY_ACTIVE_ARCH = YES;
				SDKROOT = iphoneos;
				SWIFT_ACTIVE_COMPILATION_CONDITIONS = DEBUG;
				SWIFT_OPTIMIZATION_LEVEL = "-Onone";
			};
			name = Debug;
		};
		C44D60BD205529C200A5C50F /* Release */ = {
			isa = XCBuildConfiguration;
			buildSettings = {
				ALWAYS_SEARCH_USER_PATHS = NO;
				CLANG_ANALYZER_LOCALIZABILITY_NONLOCALIZED = YES;
				CLANG_ANALYZER_NONNULL = YES;
				CLANG_ANALYZER_NUMBER_OBJECT_CONVERSION = YES_AGGRESSIVE;
				CLANG_CXX_LANGUAGE_STANDARD = "gnu++14";
				CLANG_CXX_LIBRARY = "libc++";
				CLANG_ENABLE_MODULES = YES;
				CLANG_ENABLE_OBJC_ARC = YES;
				CLANG_WARN_BLOCK_CAPTURE_AUTORELEASING = YES;
				CLANG_WARN_BOOL_CONVERSION = YES;
				CLANG_WARN_COMMA = YES;
				CLANG_WARN_CONSTANT_CONVERSION = YES;
				CLANG_WARN_DIRECT_OBJC_ISA_USAGE = YES_ERROR;
				CLANG_WARN_DOCUMENTATION_COMMENTS = YES;
				CLANG_WARN_EMPTY_BODY = YES;
				CLANG_WARN_ENUM_CONVERSION = YES;
				CLANG_WARN_INFINITE_RECURSION = YES;
				CLANG_WARN_INT_CONVERSION = YES;
				CLANG_WARN_NON_LITERAL_NULL_CONVERSION = YES;
				CLANG_WARN_OBJC_LITERAL_CONVERSION = YES;
				CLANG_WARN_OBJC_ROOT_CLASS = YES_ERROR;
				CLANG_WARN_RANGE_LOOP_ANALYSIS = YES;
				CLANG_WARN_STRICT_PROTOTYPES = YES;
				CLANG_WARN_SUSPICIOUS_MOVE = YES;
				CLANG_WARN_UNGUARDED_AVAILABILITY = YES_AGGRESSIVE;
				CLANG_WARN_UNREACHABLE_CODE = YES;
				CLANG_WARN__DUPLICATE_METHOD_MATCH = YES;
				CODE_SIGN_IDENTITY = "iPhone Developer";
				COPY_PHASE_STRIP = NO;
				DEBUG_INFORMATION_FORMAT = "dwarf-with-dsym";
				ENABLE_NS_ASSERTIONS = NO;
				ENABLE_STRICT_OBJC_MSGSEND = YES;
				GCC_C_LANGUAGE_STANDARD = gnu11;
				GCC_NO_COMMON_BLOCKS = YES;
				GCC_WARN_64_TO_32_BIT_CONVERSION = YES;
				GCC_WARN_ABOUT_RETURN_TYPE = YES_ERROR;
				GCC_WARN_UNDECLARED_SELECTOR = YES;
				GCC_WARN_UNINITIALIZED_AUTOS = YES_AGGRESSIVE;
				GCC_WARN_UNUSED_FUNCTION = YES;
				GCC_WARN_UNUSED_VARIABLE = YES;
				IPHONEOS_DEPLOYMENT_TARGET = 11.2;
				MTL_ENABLE_DEBUG_INFO = NO;
				SDKROOT = iphoneos;
				SWIFT_OPTIMIZATION_LEVEL = "-Owholemodule";
				VALIDATE_PRODUCT = YES;
			};
			name = Release;
		};
		C44D60BF205529C200A5C50F /* Debug */ = {
			isa = XCBuildConfiguration;
			baseConfigurationReference = 25B33F5602AEBC76325DB113 /* Pods-Makub.debug.xcconfig */;
			buildSettings = {
				ASSETCATALOG_COMPILER_APPICON_NAME = AppIcon;
				CODE_SIGN_STYLE = Automatic;
				DEVELOPMENT_TEAM = JHLX4XGDFC;
				INFOPLIST_FILE = "$(SRCROOT)/Makub/Supporting files/Info.plist";
				LD_RUNPATH_SEARCH_PATHS = "$(inherited) @executable_path/Frameworks";
				PRODUCT_BUNDLE_IDENTIFIER = "-.Makub";
				PRODUCT_NAME = "Макуб";
				SWIFT_VERSION = 4.0;
				TARGETED_DEVICE_FAMILY = 1;
			};
			name = Debug;
		};
		C44D60C0205529C200A5C50F /* Release */ = {
			isa = XCBuildConfiguration;
			baseConfigurationReference = AD3835C1372474B08AEF32EE /* Pods-Makub.release.xcconfig */;
			buildSettings = {
				ASSETCATALOG_COMPILER_APPICON_NAME = AppIcon;
				CODE_SIGN_STYLE = Automatic;
				DEVELOPMENT_TEAM = JHLX4XGDFC;
				INFOPLIST_FILE = "$(SRCROOT)/Makub/Supporting files/Info.plist";
				LD_RUNPATH_SEARCH_PATHS = "$(inherited) @executable_path/Frameworks";
				PRODUCT_BUNDLE_IDENTIFIER = "-.Makub";
				PRODUCT_NAME = "Макуб";
				SWIFT_VERSION = 4.0;
				TARGETED_DEVICE_FAMILY = 1;
			};
			name = Release;
		};
/* End XCBuildConfiguration section */

/* Begin XCConfigurationList section */
		C44D60A7205529C100A5C50F /* Build configuration list for PBXProject "Makub" */ = {
			isa = XCConfigurationList;
			buildConfigurations = (
				C44D60BC205529C200A5C50F /* Debug */,
				C44D60BD205529C200A5C50F /* Release */,
			);
			defaultConfigurationIsVisible = 0;
			defaultConfigurationName = Release;
		};
		C44D60BE205529C200A5C50F /* Build configuration list for PBXNativeTarget "Makub" */ = {
			isa = XCConfigurationList;
			buildConfigurations = (
				C44D60BF205529C200A5C50F /* Debug */,
				C44D60C0205529C200A5C50F /* Release */,
			);
			defaultConfigurationIsVisible = 0;
			defaultConfigurationName = Release;
		};
/* End XCConfigurationList section */
	};
	rootObject = C44D60A4205529C100A5C50F /* Project object */;
}
