// !$*UTF8*$!
{
	archiveVersion = 1;
	classes = {
	};
	objectVersion = 48;
	objects = {

/* Begin PBXBuildFile section */
		0133FA4162EDEEAA9FE3135C /* Pods_Makub.framework in Frameworks */ = {isa = PBXBuildFile; fileRef = FD91280B983360A8DBD4BDFC /* Pods_Makub.framework */; };
		C414F0D520596DE8001961EC /* Roboto-Medium.otf in Resources */ = {isa = PBXBuildFile; fileRef = C414F0D120596DE7001961EC /* Roboto-Medium.otf */; };
		C414F0D620596DE8001961EC /* Roboto-Light.otf in Resources */ = {isa = PBXBuildFile; fileRef = C414F0D220596DE8001961EC /* Roboto-Light.otf */; };
		C414F0D720596DE8001961EC /* Roboto-Bold.otf in Resources */ = {isa = PBXBuildFile; fileRef = C414F0D320596DE8001961EC /* Roboto-Bold.otf */; };
		C414F0D820596DE8001961EC /* Roboto-Regular.otf in Resources */ = {isa = PBXBuildFile; fileRef = C414F0D420596DE8001961EC /* Roboto-Regular.otf */; };
		C414F0DB2059A261001961EC /* UIViewController+HideKeyboard.swift in Sources */ = {isa = PBXBuildFile; fileRef = C414F0DA2059A261001961EC /* UIViewController+HideKeyboard.swift */; };
		C44D60B0205529C100A5C50F /* AppDelegate.swift in Sources */ = {isa = PBXBuildFile; fileRef = C44D60AF205529C100A5C50F /* AppDelegate.swift */; };
		C44D60B2205529C200A5C50F /* AuthViewController.swift in Sources */ = {isa = PBXBuildFile; fileRef = C44D60B1205529C200A5C50F /* AuthViewController.swift */; };
		C44D60B5205529C200A5C50F /* Auth.storyboard in Resources */ = {isa = PBXBuildFile; fileRef = C44D60B3205529C200A5C50F /* Auth.storyboard */; };
		C44D60B7205529C200A5C50F /* Assets.xcassets in Resources */ = {isa = PBXBuildFile; fileRef = C44D60B6205529C200A5C50F /* Assets.xcassets */; };
		C44D60BA205529C200A5C50F /* LaunchScreen.storyboard in Resources */ = {isa = PBXBuildFile; fileRef = C44D60B8205529C200A5C50F /* LaunchScreen.storyboard */; };
		C44D60CA20553B0100A5C50F /* User.swift in Sources */ = {isa = PBXBuildFile; fileRef = C44D60C920553B0100A5C50F /* User.swift */; };
		C44D60CC20553B2400A5C50F /* ServiceLayer.swift in Sources */ = {isa = PBXBuildFile; fileRef = C44D60CB20553B2400A5C50F /* ServiceLayer.swift */; };
		C44D60D22058061100A5C50F /* AuthTextField.swift in Sources */ = {isa = PBXBuildFile; fileRef = C44D60D12058061100A5C50F /* AuthTextField.swift */; };
		C44D60D5205806BB00A5C50F /* Colors.swift in Sources */ = {isa = PBXBuildFile; fileRef = C44D60D4205806BB00A5C50F /* Colors.swift */; };
		C44D60D7205807F500A5C50F /* UIColor+Hex.swift in Sources */ = {isa = PBXBuildFile; fileRef = C44D60D6205807F500A5C50F /* UIColor+Hex.swift */; };
		C44D60EA2058573D00A5C50F /* UIFont+CustomFont.swift in Sources */ = {isa = PBXBuildFile; fileRef = C44D60E92058573D00A5C50F /* UIFont+CustomFont.swift */; };
		C472A6AC205AF5DB00768585 /* Parser.swift in Sources */ = {isa = PBXBuildFile; fileRef = C472A6AB205AF5DA00768585 /* Parser.swift */; };
		C472A6AE205AF5F300768585 /* Transport.swift in Sources */ = {isa = PBXBuildFile; fileRef = C472A6AD205AF5F300768585 /* Transport.swift */; };
		C472A6B2205AF79400768585 /* CallResults.swift in Sources */ = {isa = PBXBuildFile; fileRef = C472A6B1205AF79400768585 /* CallResults.swift */; };
		C472A6B4205AF93500768585 /* Serializer.swift in Sources */ = {isa = PBXBuildFile; fileRef = C472A6B3205AF93500768585 /* Serializer.swift */; };
		C472A6B8205AFAA400768585 /* AuthService.swift in Sources */ = {isa = PBXBuildFile; fileRef = C472A6B7205AFAA400768585 /* AuthService.swift */; };
		C472A6BA205AFBA400768585 /* AuthResponse.swift in Sources */ = {isa = PBXBuildFile; fileRef = C472A6B9205AFBA400768585 /* AuthResponse.swift */; };
		C472A6BC205AFC6700768585 /* AuthServiceImpl.swift in Sources */ = {isa = PBXBuildFile; fileRef = C472A6BB205AFC6700768585 /* AuthServiceImpl.swift */; };
/* End PBXBuildFile section */

/* Begin PBXFileReference section */
		25B33F5602AEBC76325DB113 /* Pods-Makub.debug.xcconfig */ = {isa = PBXFileReference; includeInIndex = 1; lastKnownFileType = text.xcconfig; name = "Pods-Makub.debug.xcconfig"; path = "Pods/Target Support Files/Pods-Makub/Pods-Makub.debug.xcconfig"; sourceTree = "<group>"; };
		AD3835C1372474B08AEF32EE /* Pods-Makub.release.xcconfig */ = {isa = PBXFileReference; includeInIndex = 1; lastKnownFileType = text.xcconfig; name = "Pods-Makub.release.xcconfig"; path = "Pods/Target Support Files/Pods-Makub/Pods-Makub.release.xcconfig"; sourceTree = "<group>"; };
		C414F0D120596DE7001961EC /* Roboto-Medium.otf */ = {isa = PBXFileReference; lastKnownFileType = file; path = "Roboto-Medium.otf"; sourceTree = "<group>"; };
		C414F0D220596DE8001961EC /* Roboto-Light.otf */ = {isa = PBXFileReference; lastKnownFileType = file; path = "Roboto-Light.otf"; sourceTree = "<group>"; };
		C414F0D320596DE8001961EC /* Roboto-Bold.otf */ = {isa = PBXFileReference; lastKnownFileType = file; path = "Roboto-Bold.otf"; sourceTree = "<group>"; };
		C414F0D420596DE8001961EC /* Roboto-Regular.otf */ = {isa = PBXFileReference; lastKnownFileType = file; path = "Roboto-Regular.otf"; sourceTree = "<group>"; };
		C414F0DA2059A261001961EC /* UIViewController+HideKeyboard.swift */ = {isa = PBXFileReference; lastKnownFileType = sourcecode.swift; path = "UIViewController+HideKeyboard.swift"; sourceTree = "<group>"; };
		C44D60AC205529C100A5C50F /* Makub.app */ = {isa = PBXFileReference; explicitFileType = wrapper.application; includeInIndex = 0; path = Makub.app; sourceTree = BUILT_PRODUCTS_DIR; };
		C44D60AF205529C100A5C50F /* AppDelegate.swift */ = {isa = PBXFileReference; lastKnownFileType = sourcecode.swift; path = AppDelegate.swift; sourceTree = "<group>"; };
		C44D60B1205529C200A5C50F /* AuthViewController.swift */ = {isa = PBXFileReference; lastKnownFileType = sourcecode.swift; path = AuthViewController.swift; sourceTree = "<group>"; };
		C44D60B4205529C200A5C50F /* Base */ = {isa = PBXFileReference; lastKnownFileType = file.storyboard; name = Base; path = Base.lproj/Auth.storyboard; sourceTree = "<group>"; };
		C44D60B6205529C200A5C50F /* Assets.xcassets */ = {isa = PBXFileReference; lastKnownFileType = folder.assetcatalog; path = Assets.xcassets; sourceTree = "<group>"; };
		C44D60B9205529C200A5C50F /* Base */ = {isa = PBXFileReference; lastKnownFileType = file.storyboard; name = Base; path = Base.lproj/LaunchScreen.storyboard; sourceTree = "<group>"; };
		C44D60BB205529C200A5C50F /* Info.plist */ = {isa = PBXFileReference; lastKnownFileType = text.plist.xml; path = Info.plist; sourceTree = "<group>"; };
		C44D60C920553B0100A5C50F /* User.swift */ = {isa = PBXFileReference; lastKnownFileType = sourcecode.swift; path = User.swift; sourceTree = "<group>"; };
		C44D60CB20553B2400A5C50F /* ServiceLayer.swift */ = {isa = PBXFileReference; lastKnownFileType = sourcecode.swift; path = ServiceLayer.swift; sourceTree = "<group>"; };
		C44D60D12058061100A5C50F /* AuthTextField.swift */ = {isa = PBXFileReference; lastKnownFileType = sourcecode.swift; path = AuthTextField.swift; sourceTree = "<group>"; };
		C44D60D4205806BB00A5C50F /* Colors.swift */ = {isa = PBXFileReference; lastKnownFileType = sourcecode.swift; path = Colors.swift; sourceTree = "<group>"; };
		C44D60D6205807F500A5C50F /* UIColor+Hex.swift */ = {isa = PBXFileReference; lastKnownFileType = sourcecode.swift; path = "UIColor+Hex.swift"; sourceTree = "<group>"; };
		C44D60E92058573D00A5C50F /* UIFont+CustomFont.swift */ = {isa = PBXFileReference; lastKnownFileType = sourcecode.swift; path = "UIFont+CustomFont.swift"; sourceTree = "<group>"; };
		C472A6AB205AF5DA00768585 /* Parser.swift */ = {isa = PBXFileReference; lastKnownFileType = sourcecode.swift; path = Parser.swift; sourceTree = "<group>"; };
		C472A6AD205AF5F300768585 /* Transport.swift */ = {isa = PBXFileReference; lastKnownFileType = sourcecode.swift; path = Transport.swift; sourceTree = "<group>"; };
		C472A6B1205AF79400768585 /* CallResults.swift */ = {isa = PBXFileReference; lastKnownFileType = sourcecode.swift; path = CallResults.swift; sourceTree = "<group>"; };
		C472A6B3205AF93500768585 /* Serializer.swift */ = {isa = PBXFileReference; lastKnownFileType = sourcecode.swift; path = Serializer.swift; sourceTree = "<group>"; };
		C472A6B7205AFAA400768585 /* AuthService.swift */ = {isa = PBXFileReference; lastKnownFileType = sourcecode.swift; path = AuthService.swift; sourceTree = "<group>"; };
		C472A6B9205AFBA400768585 /* AuthResponse.swift */ = {isa = PBXFileReference; lastKnownFileType = sourcecode.swift; path = AuthResponse.swift; sourceTree = "<group>"; };
		C472A6BB205AFC6700768585 /* AuthServiceImpl.swift */ = {isa = PBXFileReference; lastKnownFileType = sourcecode.swift; path = AuthServiceImpl.swift; sourceTree = "<group>"; };
		FD91280B983360A8DBD4BDFC /* Pods_Makub.framework */ = {isa = PBXFileReference; explicitFileType = wrapper.framework; includeInIndex = 0; path = Pods_Makub.framework; sourceTree = BUILT_PRODUCTS_DIR; };
/* End PBXFileReference section */

/* Begin PBXFrameworksBuildPhase section */
		C44D60A9205529C100A5C50F /* Frameworks */ = {
			isa = PBXFrameworksBuildPhase;
			buildActionMask = 2147483647;
			files = (
				0133FA4162EDEEAA9FE3135C /* Pods_Makub.framework in Frameworks */,
			);
			runOnlyForDeploymentPostprocessing = 0;
		};
/* End PBXFrameworksBuildPhase section */

/* Begin PBXGroup section */
		098B841B262CEA2D15B352A5 /* Pods */ = {
			isa = PBXGroup;
			children = (
				25B33F5602AEBC76325DB113 /* Pods-Makub.debug.xcconfig */,
				AD3835C1372474B08AEF32EE /* Pods-Makub.release.xcconfig */,
			);
			name = Pods;
			sourceTree = "<group>";
		};
		C414F0D92059A23D001961EC /* Helper */ = {
			isa = PBXGroup;
			children = (
				C44D60E92058573D00A5C50F /* UIFont+CustomFont.swift */,
				C414F0DA2059A261001961EC /* UIViewController+HideKeyboard.swift */,
				C44D60D6205807F500A5C50F /* UIColor+Hex.swift */,
			);
			path = Helper;
			sourceTree = "<group>";
		};
		C44D60A3205529C100A5C50F = {
			isa = PBXGroup;
			children = (
				C44D60AE205529C100A5C50F /* Makub */,
				C44D60AD205529C100A5C50F /* Products */,
				098B841B262CEA2D15B352A5 /* Pods */,
				C8FE19675A729A68973D7EBE /* Frameworks */,
			);
			sourceTree = "<group>";
		};
		C44D60AD205529C100A5C50F /* Products */ = {
			isa = PBXGroup;
			children = (
				C44D60AC205529C100A5C50F /* Makub.app */,
			);
			name = Products;
			sourceTree = "<group>";
		};
		C44D60AE205529C100A5C50F /* Makub */ = {
			isa = PBXGroup;
			children = (
				C44D60C2205538BD00A5C50F /* Classes */,
				C44D60C4205538F300A5C50F /* Supporting files */,
				C44D60C3205538E900A5C50F /* Resources */,
				C44D60AF205529C100A5C50F /* AppDelegate.swift */,
			);
			path = Makub;
			sourceTree = "<group>";
		};
		C44D60C2205538BD00A5C50F /* Classes */ = {
			isa = PBXGroup;
			children = (
				C44D60C52055390300A5C50F /* Model */,
				C44D60C72055391400A5C50F /* Business logic */,
				C44D60C62055390F00A5C50F /* Presentation */,
			);
			path = Classes;
			sourceTree = "<group>";
		};
		C44D60C3205538E900A5C50F /* Resources */ = {
			isa = PBXGroup;
			children = (
				C44D60DF205855EB00A5C50F /* Fonts */,
				C44D60B6205529C200A5C50F /* Assets.xcassets */,
				C44D60B8205529C200A5C50F /* LaunchScreen.storyboard */,
				C44D60D4205806BB00A5C50F /* Colors.swift */,
			);
			path = Resources;
			sourceTree = "<group>";
		};
		C44D60C4205538F300A5C50F /* Supporting files */ = {
			isa = PBXGroup;
			children = (
				C44D60BB205529C200A5C50F /* Info.plist */,
			);
			path = "Supporting files";
			sourceTree = "<group>";
		};
		C44D60C52055390300A5C50F /* Model */ = {
			isa = PBXGroup;
			children = (
				C44D60C920553B0100A5C50F /* User.swift */,
			);
			path = Model;
			sourceTree = "<group>";
		};
		C44D60C62055390F00A5C50F /* Presentation */ = {
			isa = PBXGroup;
			children = (
				C44D60E82058571800A5C50F /* Common */,
				C44D60C82055394900A5C50F /* Auth */,
			);
			path = Presentation;
			sourceTree = "<group>";
		};
		C44D60C72055391400A5C50F /* Business logic */ = {
			isa = PBXGroup;
			children = (
				C44D60CB20553B2400A5C50F /* ServiceLayer.swift */,
				C472A6AF205AF69E00768585 /* Service */,
				C472A6A9205AB9A000768585 /* Core Components */,
			);
			path = "Business logic";
			sourceTree = "<group>";
		};
		C44D60C82055394900A5C50F /* Auth */ = {
			isa = PBXGroup;
			children = (
				C44D60B3205529C200A5C50F /* Auth.storyboard */,
				C44D60D0205805E300A5C50F /* Helper */,
				C44D60CF205805CF00A5C50F /* ViewController */,
			);
			path = Auth;
			sourceTree = "<group>";
		};
		C44D60CF205805CF00A5C50F /* ViewController */ = {
			isa = PBXGroup;
			children = (
				C44D60B1205529C200A5C50F /* AuthViewController.swift */,
			);
			path = ViewController;
			sourceTree = "<group>";
		};
		C44D60D0205805E300A5C50F /* Helper */ = {
			isa = PBXGroup;
			children = (
				C44D60D12058061100A5C50F /* AuthTextField.swift */,
			);
			path = Helper;
			sourceTree = "<group>";
		};
		C44D60DF205855EB00A5C50F /* Fonts */ = {
			isa = PBXGroup;
			children = (
				C414F0D320596DE8001961EC /* Roboto-Bold.otf */,
				C414F0D220596DE8001961EC /* Roboto-Light.otf */,
				C414F0D120596DE7001961EC /* Roboto-Medium.otf */,
				C414F0D420596DE8001961EC /* Roboto-Regular.otf */,
			);
			path = Fonts;
			sourceTree = "<group>";
		};
		C44D60E82058571800A5C50F /* Common */ = {
			isa = PBXGroup;
			children = (
				C414F0D92059A23D001961EC /* Helper */,
			);
			path = Common;
			sourceTree = "<group>";
		};
		C472A6A9205AB9A000768585 /* Core Components */ = {
			isa = PBXGroup;
			children = (
				C472A6AB205AF5DA00768585 /* Parser.swift */,
				C472A6AD205AF5F300768585 /* Transport.swift */,
				C472A6B3205AF93500768585 /* Serializer.swift */,
			);
			path = "Core Components";
			sourceTree = "<group>";
		};
		C472A6AF205AF69E00768585 /* Service */ = {
			isa = PBXGroup;
			children = (
				C472A6B0205AF6AD00768585 /* Common */,
				C472A6B5205AFA7B00768585 /* Auth */,
			);
			path = Service;
			sourceTree = "<group>";
		};
		C472A6B0205AF6AD00768585 /* Common */ = {
			isa = PBXGroup;
			children = (
				C472A6B1205AF79400768585 /* CallResults.swift */,
			);
			path = Common;
			sourceTree = "<group>";
		};
		C472A6B5205AFA7B00768585 /* Auth */ = {
			isa = PBXGroup;
			children = (
				C472A6B6205AFA8300768585 /* Protocol */,
				C472A6B9205AFBA400768585 /* AuthResponse.swift */,
				C472A6BB205AFC6700768585 /* AuthServiceImpl.swift */,
			);
			path = Auth;
			sourceTree = "<group>";
		};
		C472A6B6205AFA8300768585 /* Protocol */ = {
			isa = PBXGroup;
			children = (
				C472A6B7205AFAA400768585 /* AuthService.swift */,
			);
			path = Protocol;
			sourceTree = "<group>";
		};
		C8FE19675A729A68973D7EBE /* Frameworks */ = {
			isa = PBXGroup;
			children = (
				FD91280B983360A8DBD4BDFC /* Pods_Makub.framework */,
			);
			name = Frameworks;
			sourceTree = "<group>";
		};
/* End PBXGroup section */

/* Begin PBXNativeTarget section */
		C44D60AB205529C100A5C50F /* Makub */ = {
			isa = PBXNativeTarget;
			buildConfigurationList = C44D60BE205529C200A5C50F /* Build configuration list for PBXNativeTarget "Makub" */;
			buildPhases = (
				CD72571B3962AE75D14A1E75 /* [CP] Check Pods Manifest.lock */,
				C44D60A8205529C100A5C50F /* Sources */,
				C44D60A9205529C100A5C50F /* Frameworks */,
				C44D60AA205529C100A5C50F /* Resources */,
				4969C7D6DC60B9B862F4CC52 /* [CP] Embed Pods Frameworks */,
				3B91DFCF6D4FC27ABCC4765A /* [CP] Copy Pods Resources */,
				C4F242032059DCBC007E8A16 /* Swiftlint */,
			);
			buildRules = (
			);
			dependencies = (
			);
			name = Makub;
			productName = Makub;
			productReference = C44D60AC205529C100A5C50F /* Makub.app */;
			productType = "com.apple.product-type.application";
		};
/* End PBXNativeTarget section */

/* Begin PBXProject section */
		C44D60A4205529C100A5C50F /* Project object */ = {
			isa = PBXProject;
			attributes = {
				LastSwiftUpdateCheck = 0920;
				LastUpgradeCheck = 0920;
				ORGANIZATIONNAME = "Elena Yanovskaya";
				TargetAttributes = {
					C44D60AB205529C100A5C50F = {
						CreatedOnToolsVersion = 9.2;
						ProvisioningStyle = Automatic;
					};
				};
			};
			buildConfigurationList = C44D60A7205529C100A5C50F /* Build configuration list for PBXProject "Makub" */;
			compatibilityVersion = "Xcode 8.0";
			developmentRegion = en;
			hasScannedForEncodings = 0;
			knownRegions = (
				en,
				Base,
			);
			mainGroup = C44D60A3205529C100A5C50F;
			productRefGroup = C44D60AD205529C100A5C50F /* Products */;
			projectDirPath = "";
			projectRoot = "";
			targets = (
				C44D60AB205529C100A5C50F /* Makub */,
			);
		};
/* End PBXProject section */

/* Begin PBXResourcesBuildPhase section */
		C44D60AA205529C100A5C50F /* Resources */ = {
			isa = PBXResourcesBuildPhase;
			buildActionMask = 2147483647;
			files = (
				C44D60BA205529C200A5C50F /* LaunchScreen.storyboard in Resources */,
				C44D60B7205529C200A5C50F /* Assets.xcassets in Resources */,
				C414F0D620596DE8001961EC /* Roboto-Light.otf in Resources */,
				C414F0D820596DE8001961EC /* Roboto-Regular.otf in Resources */,
				C44D60B5205529C200A5C50F /* Auth.storyboard in Resources */,
				C414F0D520596DE8001961EC /* Roboto-Medium.otf in Resources */,
				C414F0D720596DE8001961EC /* Roboto-Bold.otf in Resources */,
			);
			runOnlyForDeploymentPostprocessing = 0;
		};
/* End PBXResourcesBuildPhase section */

/* Begin PBXShellScriptBuildPhase section */
		3B91DFCF6D4FC27ABCC4765A /* [CP] Copy Pods Resources */ = {
			isa = PBXShellScriptBuildPhase;
			buildActionMask = 2147483647;
			files = (
			);
			inputPaths = (
			);
			name = "[CP] Copy Pods Resources";
			outputPaths = (
			);
			runOnlyForDeploymentPostprocessing = 0;
			shellPath = /bin/sh;
			shellScript = "\"${SRCROOT}/Pods/Target Support Files/Pods-Makub/Pods-Makub-resources.sh\"\n";
			showEnvVarsInLog = 0;
		};
		4969C7D6DC60B9B862F4CC52 /* [CP] Embed Pods Frameworks */ = {
			isa = PBXShellScriptBuildPhase;
			buildActionMask = 2147483647;
			files = (
			);
			inputPaths = (
				"${SRCROOT}/Pods/Target Support Files/Pods-Makub/Pods-Makub-frameworks.sh",
				"${BUILT_PRODUCTS_DIR}/Alamofire/Alamofire.framework",
			);
			name = "[CP] Embed Pods Frameworks";
			outputPaths = (
				"${TARGET_BUILD_DIR}/${FRAMEWORKS_FOLDER_PATH}/Alamofire.framework",
			);
			runOnlyForDeploymentPostprocessing = 0;
			shellPath = /bin/sh;
			shellScript = "\"${SRCROOT}/Pods/Target Support Files/Pods-Makub/Pods-Makub-frameworks.sh\"\n";
			showEnvVarsInLog = 0;
		};
		C4F242032059DCBC007E8A16 /* Swiftlint */ = {
			isa = PBXShellScriptBuildPhase;
			buildActionMask = 2147483647;
			files = (
			);
			inputPaths = (
			);
			name = Swiftlint;
			outputPaths = (
			);
			runOnlyForDeploymentPostprocessing = 0;
			shellPath = /bin/sh;
			shellScript = "\"${PODS_ROOT}/SwiftLint/swiftlint\"";
		};
		CD72571B3962AE75D14A1E75 /* [CP] Check Pods Manifest.lock */ = {
			isa = PBXShellScriptBuildPhase;
			buildActionMask = 2147483647;
			files = (
			);
			inputPaths = (
				"${PODS_PODFILE_DIR_PATH}/Podfile.lock",
				"${PODS_ROOT}/Manifest.lock",
			);
			name = "[CP] Check Pods Manifest.lock";
			outputPaths = (
				"$(DERIVED_FILE_DIR)/Pods-Makub-checkManifestLockResult.txt",
			);
			runOnlyForDeploymentPostprocessing = 0;
			shellPath = /bin/sh;
			shellScript = "diff \"${PODS_PODFILE_DIR_PATH}/Podfile.lock\" \"${PODS_ROOT}/Manifest.lock\" > /dev/null\nif [ $? != 0 ] ; then\n    # print error to STDERR\n    echo \"error: The sandbox is not in sync with the Podfile.lock. Run 'pod install' or update your CocoaPods installation.\" >&2\n    exit 1\nfi\n# This output is used by Xcode 'outputs' to avoid re-running this script phase.\necho \"SUCCESS\" > \"${SCRIPT_OUTPUT_FILE_0}\"\n";
			showEnvVarsInLog = 0;
		};
/* End PBXShellScriptBuildPhase section */

/* Begin PBXSourcesBuildPhase section */
		C44D60A8205529C100A5C50F /* Sources */ = {
			isa = PBXSourcesBuildPhase;
			buildActionMask = 2147483647;
			files = (
				C414F0DB2059A261001961EC /* UIViewController+HideKeyboard.swift in Sources */,
				C44D60D7205807F500A5C50F /* UIColor+Hex.swift in Sources */,
				C472A6AC205AF5DB00768585 /* Parser.swift in Sources */,
				C472A6B4205AF93500768585 /* Serializer.swift in Sources */,
				C44D60B2205529C200A5C50F /* AuthViewController.swift in Sources */,
				C472A6BC205AFC6700768585 /* AuthServiceImpl.swift in Sources */,
				C472A6AE205AF5F300768585 /* Transport.swift in Sources */,
				C44D60D5205806BB00A5C50F /* Colors.swift in Sources */,
				C44D60D22058061100A5C50F /* AuthTextField.swift in Sources */,
				C44D60EA2058573D00A5C50F /* UIFont+CustomFont.swift in Sources */,
				C44D60B0205529C100A5C50F /* AppDelegate.swift in Sources */,
				C44D60CA20553B0100A5C50F /* User.swift in Sources */,
				C472A6B2205AF79400768585 /* CallResults.swift in Sources */,
				C44D60CC20553B2400A5C50F /* ServiceLayer.swift in Sources */,
				C472A6BA205AFBA400768585 /* AuthResponse.swift in Sources */,
				C472A6B8205AFAA400768585 /* AuthService.swift in Sources */,
			);
			runOnlyForDeploymentPostprocessing = 0;
		};
/* End PBXSourcesBuildPhase section */

/* Begin PBXVariantGroup section */
		C44D60B3205529C200A5C50F /* Auth.storyboard */ = {
			isa = PBXVariantGroup;
			children = (
				C44D60B4205529C200A5C50F /* Base */,
			);
			name = Auth.storyboard;
			sourceTree = "<group>";
		};
		C44D60B8205529C200A5C50F /* LaunchScreen.storyboard */ = {
			isa = PBXVariantGroup;
			children = (
				C44D60B9205529C200A5C50F /* Base */,
			);
			name = LaunchScreen.storyboard;
			sourceTree = "<group>";
		};
/* End PBXVariantGroup section */

/* Begin XCBuildConfiguration section */
		C44D60BC205529C200A5C50F /* Debug */ = {
			isa = XCBuildConfiguration;
			buildSettings = {
				ALWAYS_SEARCH_USER_PATHS = NO;
				CLANG_ANALYZER_LOCALIZABILITY_NONLOCALIZED = YES;
				CLANG_ANALYZER_NONNULL = YES;
				CLANG_ANALYZER_NUMBER_OBJECT_CONVERSION = YES_AGGRESSIVE;
				CLANG_CXX_LANGUAGE_STANDARD = "gnu++14";
				CLANG_CXX_LIBRARY = "libc++";
				CLANG_ENABLE_MODULES = YES;
				CLANG_ENABLE_OBJC_ARC = YES;
				CLANG_WARN_BLOCK_CAPTURE_AUTORELEASING = YES;
				CLANG_WARN_BOOL_CONVERSION = YES;
				CLANG_WARN_COMMA = YES;
				CLANG_WARN_CONSTANT_CONVERSION = YES;
				CLANG_WARN_DIRECT_OBJC_ISA_USAGE = YES_ERROR;
				CLANG_WARN_DOCUMENTATION_COMMENTS = YES;
				CLANG_WARN_EMPTY_BODY = YES;
				CLANG_WARN_ENUM_CONVERSION = YES;
				CLANG_WARN_INFINITE_RECURSION = YES;
				CLANG_WARN_INT_CONVERSION = YES;
				CLANG_WARN_NON_LITERAL_NULL_CONVERSION = YES;
				CLANG_WARN_OBJC_LITERAL_CONVERSION = YES;
				CLANG_WARN_OBJC_ROOT_CLASS = YES_ERROR;
				CLANG_WARN_RANGE_LOOP_ANALYSIS = YES;
				CLANG_WARN_STRICT_PROTOTYPES = YES;
				CLANG_WARN_SUSPICIOUS_MOVE = YES;
				CLANG_WARN_UNGUARDED_AVAILABILITY = YES_AGGRESSIVE;
				CLANG_WARN_UNREACHABLE_CODE = YES;
				CLANG_WARN__DUPLICATE_METHOD_MATCH = YES;
				CODE_SIGN_IDENTITY = "iPhone Developer";
				COPY_PHASE_STRIP = NO;
				DEBUG_INFORMATION_FORMAT = dwarf;
				ENABLE_STRICT_OBJC_MSGSEND = YES;
				ENABLE_TESTABILITY = YES;
				GCC_C_LANGUAGE_STANDARD = gnu11;
				GCC_DYNAMIC_NO_PIC = NO;
				GCC_NO_COMMON_BLOCKS = YES;
				GCC_OPTIMIZATION_LEVEL = 0;
				GCC_PREPROCESSOR_DEFINITIONS = (
					"DEBUG=1",
					"$(inherited)",
				);
				GCC_WARN_64_TO_32_BIT_CONVERSION = YES;
				GCC_WARN_ABOUT_RETURN_TYPE = YES_ERROR;
				GCC_WARN_UNDECLARED_SELECTOR = YES;
				GCC_WARN_UNINITIALIZED_AUTOS = YES_AGGRESSIVE;
				GCC_WARN_UNUSED_FUNCTION = YES;
				GCC_WARN_UNUSED_VARIABLE = YES;
				IPHONEOS_DEPLOYMENT_TARGET = 11.2;
				MTL_ENABLE_DEBUG_INFO = YES;
				ONLY_ACTIVE_ARCH = YES;
				SDKROOT = iphoneos;
				SWIFT_ACTIVE_COMPILATION_CONDITIONS = DEBUG;
				SWIFT_OPTIMIZATION_LEVEL = "-Onone";
			};
			name = Debug;
		};
		C44D60BD205529C200A5C50F /* Release */ = {
			isa = XCBuildConfiguration;
			buildSettings = {
				ALWAYS_SEARCH_USER_PATHS = NO;
				CLANG_ANALYZER_LOCALIZABILITY_NONLOCALIZED = YES;
				CLANG_ANALYZER_NONNULL = YES;
				CLANG_ANALYZER_NUMBER_OBJECT_CONVERSION = YES_AGGRESSIVE;
				CLANG_CXX_LANGUAGE_STANDARD = "gnu++14";
				CLANG_CXX_LIBRARY = "libc++";
				CLANG_ENABLE_MODULES = YES;
				CLANG_ENABLE_OBJC_ARC = YES;
				CLANG_WARN_BLOCK_CAPTURE_AUTORELEASING = YES;
				CLANG_WARN_BOOL_CONVERSION = YES;
				CLANG_WARN_COMMA = YES;
				CLANG_WARN_CONSTANT_CONVERSION = YES;
				CLANG_WARN_DIRECT_OBJC_ISA_USAGE = YES_ERROR;
				CLANG_WARN_DOCUMENTATION_COMMENTS = YES;
				CLANG_WARN_EMPTY_BODY = YES;
				CLANG_WARN_ENUM_CONVERSION = YES;
				CLANG_WARN_INFINITE_RECURSION = YES;
				CLANG_WARN_INT_CONVERSION = YES;
				CLANG_WARN_NON_LITERAL_NULL_CONVERSION = YES;
				CLANG_WARN_OBJC_LITERAL_CONVERSION = YES;
				CLANG_WARN_OBJC_ROOT_CLASS = YES_ERROR;
				CLANG_WARN_RANGE_LOOP_ANALYSIS = YES;
				CLANG_WARN_STRICT_PROTOTYPES = YES;
				CLANG_WARN_SUSPICIOUS_MOVE = YES;
				CLANG_WARN_UNGUARDED_AVAILABILITY = YES_AGGRESSIVE;
				CLANG_WARN_UNREACHABLE_CODE = YES;
				CLANG_WARN__DUPLICATE_METHOD_MATCH = YES;
				CODE_SIGN_IDENTITY = "iPhone Developer";
				COPY_PHASE_STRIP = NO;
				DEBUG_INFORMATION_FORMAT = "dwarf-with-dsym";
				ENABLE_NS_ASSERTIONS = NO;
				ENABLE_STRICT_OBJC_MSGSEND = YES;
				GCC_C_LANGUAGE_STANDARD = gnu11;
				GCC_NO_COMMON_BLOCKS = YES;
				GCC_WARN_64_TO_32_BIT_CONVERSION = YES;
				GCC_WARN_ABOUT_RETURN_TYPE = YES_ERROR;
				GCC_WARN_UNDECLARED_SELECTOR = YES;
				GCC_WARN_UNINITIALIZED_AUTOS = YES_AGGRESSIVE;
				GCC_WARN_UNUSED_FUNCTION = YES;
				GCC_WARN_UNUSED_VARIABLE = YES;
				IPHONEOS_DEPLOYMENT_TARGET = 11.2;
				MTL_ENABLE_DEBUG_INFO = NO;
				SDKROOT = iphoneos;
				SWIFT_OPTIMIZATION_LEVEL = "-Owholemodule";
				VALIDATE_PRODUCT = YES;
			};
			name = Release;
		};
		C44D60BF205529C200A5C50F /* Debug */ = {
			isa = XCBuildConfiguration;
			baseConfigurationReference = 25B33F5602AEBC76325DB113 /* Pods-Makub.debug.xcconfig */;
			buildSettings = {
				ASSETCATALOG_COMPILER_APPICON_NAME = AppIcon;
				CODE_SIGN_STYLE = Automatic;
				DEVELOPMENT_TEAM = JHLX4XGDFC;
				INFOPLIST_FILE = "$(SRCROOT)/Makub/Supporting files/Info.plist";
				LD_RUNPATH_SEARCH_PATHS = "$(inherited) @executable_path/Frameworks";
				PRODUCT_BUNDLE_IDENTIFIER = "-.Makub";
				PRODUCT_NAME = "$(TARGET_NAME)";
				SWIFT_VERSION = 4.0;
				TARGETED_DEVICE_FAMILY = 1;
			};
			name = Debug;
		};
		C44D60C0205529C200A5C50F /* Release */ = {
			isa = XCBuildConfiguration;
			baseConfigurationReference = AD3835C1372474B08AEF32EE /* Pods-Makub.release.xcconfig */;
			buildSettings = {
				ASSETCATALOG_COMPILER_APPICON_NAME = AppIcon;
				CODE_SIGN_STYLE = Automatic;
				DEVELOPMENT_TEAM = JHLX4XGDFC;
				INFOPLIST_FILE = "$(SRCROOT)/Makub/Supporting files/Info.plist";
				LD_RUNPATH_SEARCH_PATHS = "$(inherited) @executable_path/Frameworks";
				PRODUCT_BUNDLE_IDENTIFIER = "-.Makub";
				PRODUCT_NAME = "$(TARGET_NAME)";
				SWIFT_VERSION = 4.0;
				TARGETED_DEVICE_FAMILY = 1;
			};
			name = Release;
		};
/* End XCBuildConfiguration section */

/* Begin XCConfigurationList section */
		C44D60A7205529C100A5C50F /* Build configuration list for PBXProject "Makub" */ = {
			isa = XCConfigurationList;
			buildConfigurations = (
				C44D60BC205529C200A5C50F /* Debug */,
				C44D60BD205529C200A5C50F /* Release */,
			);
			defaultConfigurationIsVisible = 0;
			defaultConfigurationName = Release;
		};
		C44D60BE205529C200A5C50F /* Build configuration list for PBXNativeTarget "Makub" */ = {
			isa = XCConfigurationList;
			buildConfigurations = (
				C44D60BF205529C200A5C50F /* Debug */,
				C44D60C0205529C200A5C50F /* Release */,
			);
			defaultConfigurationIsVisible = 0;
			defaultConfigurationName = Release;
		};
/* End XCConfigurationList section */
	};
	rootObject = C44D60A4205529C100A5C50F /* Project object */;
}
